// !$*UTF8*$!
{
	archiveVersion = 1;
	classes = {
	};
	objectVersion = 46;
	objects = {

/* Begin PBXBuildFile section */
		2119B6281E8D42FD00C86831 /* CustomPizzaListViewController.swift in Sources */ = {isa = PBXBuildFile; fileRef = 2119B6271E8D42FD00C86831 /* CustomPizzaListViewController.swift */; };
		2119B62C1E8D497900C86831 /* HttpRequester.swift in Sources */ = {isa = PBXBuildFile; fileRef = 2119B62B1E8D497900C86831 /* HttpRequester.swift */; };
		2119B62E1E8D49CF00C86831 /* HttpRequesterDelegate.swift in Sources */ = {isa = PBXBuildFile; fileRef = 2119B62D1E8D49CF00C86831 /* HttpRequesterDelegate.swift */; };
		2119B6311E8D4D9000C86831 /* CustomPizza.swift in Sources */ = {isa = PBXBuildFile; fileRef = 2119B6301E8D4D9000C86831 /* CustomPizza.swift */; };
		2119B6341E8D507900C86831 /* CustomPizzaDictionary.swift in Sources */ = {isa = PBXBuildFile; fileRef = 2119B6331E8D507900C86831 /* CustomPizzaDictionary.swift */; };
		212BE86B1E8AFB6D00D1D9D3 /* AppDelegate.swift in Sources */ = {isa = PBXBuildFile; fileRef = 212BE86A1E8AFB6D00D1D9D3 /* AppDelegate.swift */; };
		212BE8701E8AFB6D00D1D9D3 /* Main.storyboard in Resources */ = {isa = PBXBuildFile; fileRef = 212BE86E1E8AFB6D00D1D9D3 /* Main.storyboard */; };
		212BE8731E8AFB6D00D1D9D3 /* PizzaFactory.xcdatamodeld in Sources */ = {isa = PBXBuildFile; fileRef = 212BE8711E8AFB6D00D1D9D3 /* PizzaFactory.xcdatamodeld */; };
		212BE8751E8AFB6D00D1D9D3 /* Assets.xcassets in Resources */ = {isa = PBXBuildFile; fileRef = 212BE8741E8AFB6D00D1D9D3 /* Assets.xcassets */; };
		212BE8781E8AFB6D00D1D9D3 /* LaunchScreen.storyboard in Resources */ = {isa = PBXBuildFile; fileRef = 212BE8761E8AFB6D00D1D9D3 /* LaunchScreen.storyboard */; };
		212BE8831E8AFB6D00D1D9D3 /* PizzaFactoryTests.swift in Sources */ = {isa = PBXBuildFile; fileRef = 212BE8821E8AFB6D00D1D9D3 /* PizzaFactoryTests.swift */; };
		212BE88E1E8AFB6E00D1D9D3 /* PizzaFactoryUITests.swift in Sources */ = {isa = PBXBuildFile; fileRef = 212BE88D1E8AFB6E00D1D9D3 /* PizzaFactoryUITests.swift */; };
		212BE89E1E8AFD4100D1D9D3 /* HomeViewController.swift in Sources */ = {isa = PBXBuildFile; fileRef = 212BE89D1E8AFD4100D1D9D3 /* HomeViewController.swift */; };
		21AE917E1E8E837E00397ED8 /* CustomPizzaDetailsViewController.swift in Sources */ = {isa = PBXBuildFile; fileRef = 21AE917D1E8E837E00397ED8 /* CustomPizzaDetailsViewController.swift */; };
		21E9E0DB1E8BC9970075E775 /* PizzaListViewController.swift in Sources */ = {isa = PBXBuildFile; fileRef = 21E9E0DA1E8BC9970075E775 /* PizzaListViewController.swift */; };
		21F772C21E90563100C63A97 /* loadingScreenExtension.swift in Sources */ = {isa = PBXBuildFile; fileRef = 21F772C11E90563100C63A97 /* loadingScreenExtension.swift */; };
		21F772C41E90575D00C63A97 /* Pizza.swift in Sources */ = {isa = PBXBuildFile; fileRef = 21F772C31E90575D00C63A97 /* Pizza.swift */; };
		21F772C61E9057F500C63A97 /* PizzaDictionary.swift in Sources */ = {isa = PBXBuildFile; fileRef = 21F772C51E9057F500C63A97 /* PizzaDictionary.swift */; };
		21F772CC1E90600B00C63A97 /* PizzaTableViewCell.swift in Sources */ = {isa = PBXBuildFile; fileRef = 21F772CA1E90600B00C63A97 /* PizzaTableViewCell.swift */; };
		21F772CD1E90600B00C63A97 /* PizzaTableViewCell.xib in Resources */ = {isa = PBXBuildFile; fileRef = 21F772CB1E90600B00C63A97 /* PizzaTableViewCell.xib */; };
		22E306EE0D71D88DE1123213 /* Pods_PizzaFactory.framework in Frameworks */ = {isa = PBXBuildFile; fileRef = B6C5117B3FB12E28AE0C945E /* Pods_PizzaFactory.framework */; };
		2B3515C12197F23FF4ED427D /* Pods_PizzaFactoryTests.framework in Frameworks */ = {isa = PBXBuildFile; fileRef = 204F17E830BB1D444D45624C /* Pods_PizzaFactoryTests.framework */; };
		2BDB37C743A7B30B80BE8F59 /* Pods_PizzaFactoryUITests.framework in Frameworks */ = {isa = PBXBuildFile; fileRef = F2333344E77E5C45A5E27098 /* Pods_PizzaFactoryUITests.framework */; };
/* End PBXBuildFile section */

/* Begin PBXContainerItemProxy section */
		212BE87F1E8AFB6D00D1D9D3 /* PBXContainerItemProxy */ = {
			isa = PBXContainerItemProxy;
			containerPortal = 212BE85F1E8AFB6D00D1D9D3 /* Project object */;
			proxyType = 1;
			remoteGlobalIDString = 212BE8661E8AFB6D00D1D9D3;
			remoteInfo = PizzaFactory;
		};
		212BE88A1E8AFB6D00D1D9D3 /* PBXContainerItemProxy */ = {
			isa = PBXContainerItemProxy;
			containerPortal = 212BE85F1E8AFB6D00D1D9D3 /* Project object */;
			proxyType = 1;
			remoteGlobalIDString = 212BE8661E8AFB6D00D1D9D3;
			remoteInfo = PizzaFactory;
		};
/* End PBXContainerItemProxy section */

/* Begin PBXFileReference section */
		00D7811C3106158904C6BE87 /* Pods-PizzaFactoryUITests.debug.xcconfig */ = {isa = PBXFileReference; includeInIndex = 1; lastKnownFileType = text.xcconfig; name = "Pods-PizzaFactoryUITests.debug.xcconfig"; path = "Pods/Target Support Files/Pods-PizzaFactoryUITests/Pods-PizzaFactoryUITests.debug.xcconfig"; sourceTree = "<group>"; };
		204F17E830BB1D444D45624C /* Pods_PizzaFactoryTests.framework */ = {isa = PBXFileReference; explicitFileType = wrapper.framework; includeInIndex = 0; path = Pods_PizzaFactoryTests.framework; sourceTree = BUILT_PRODUCTS_DIR; };
		2119B6271E8D42FD00C86831 /* CustomPizzaListViewController.swift */ = {isa = PBXFileReference; fileEncoding = 4; lastKnownFileType = sourcecode.swift; name = CustomPizzaListViewController.swift; path = ViewControllers/CustomPizzaListViewController.swift; sourceTree = "<group>"; };
		2119B62B1E8D497900C86831 /* HttpRequester.swift */ = {isa = PBXFileReference; fileEncoding = 4; lastKnownFileType = sourcecode.swift; name = HttpRequester.swift; path = Data/Http/HttpRequester.swift; sourceTree = "<group>"; };
		2119B62D1E8D49CF00C86831 /* HttpRequesterDelegate.swift */ = {isa = PBXFileReference; fileEncoding = 4; lastKnownFileType = sourcecode.swift; name = HttpRequesterDelegate.swift; path = Data/Http/HttpRequesterDelegate.swift; sourceTree = "<group>"; };
		2119B6301E8D4D9000C86831 /* CustomPizza.swift */ = {isa = PBXFileReference; fileEncoding = 4; lastKnownFileType = sourcecode.swift; name = CustomPizza.swift; path = Models/CustomPizza.swift; sourceTree = "<group>"; };
		2119B6331E8D507900C86831 /* CustomPizzaDictionary.swift */ = {isa = PBXFileReference; fileEncoding = 4; lastKnownFileType = sourcecode.swift; name = CustomPizzaDictionary.swift; path = Models/DictionaryExtensions/CustomPizzaDictionary.swift; sourceTree = "<group>"; };
		212BE8671E8AFB6D00D1D9D3 /* PizzaFactory.app */ = {isa = PBXFileReference; explicitFileType = wrapper.application; includeInIndex = 0; path = PizzaFactory.app; sourceTree = BUILT_PRODUCTS_DIR; };
		212BE86A1E8AFB6D00D1D9D3 /* AppDelegate.swift */ = {isa = PBXFileReference; lastKnownFileType = sourcecode.swift; path = AppDelegate.swift; sourceTree = "<group>"; };
		212BE86F1E8AFB6D00D1D9D3 /* Base */ = {isa = PBXFileReference; lastKnownFileType = file.storyboard; name = Base; path = Base.lproj/Main.storyboard; sourceTree = "<group>"; };
		212BE8721E8AFB6D00D1D9D3 /* PizzaFactory.xcdatamodel */ = {isa = PBXFileReference; lastKnownFileType = wrapper.xcdatamodel; path = PizzaFactory.xcdatamodel; sourceTree = "<group>"; };
		212BE8741E8AFB6D00D1D9D3 /* Assets.xcassets */ = {isa = PBXFileReference; lastKnownFileType = folder.assetcatalog; path = Assets.xcassets; sourceTree = "<group>"; };
		212BE8771E8AFB6D00D1D9D3 /* Base */ = {isa = PBXFileReference; lastKnownFileType = file.storyboard; name = Base; path = Base.lproj/LaunchScreen.storyboard; sourceTree = "<group>"; };
		212BE8791E8AFB6D00D1D9D3 /* Info.plist */ = {isa = PBXFileReference; lastKnownFileType = text.plist.xml; path = Info.plist; sourceTree = "<group>"; };
		212BE87E1E8AFB6D00D1D9D3 /* PizzaFactoryTests.xctest */ = {isa = PBXFileReference; explicitFileType = wrapper.cfbundle; includeInIndex = 0; path = PizzaFactoryTests.xctest; sourceTree = BUILT_PRODUCTS_DIR; };
		212BE8821E8AFB6D00D1D9D3 /* PizzaFactoryTests.swift */ = {isa = PBXFileReference; lastKnownFileType = sourcecode.swift; path = PizzaFactoryTests.swift; sourceTree = "<group>"; };
		212BE8841E8AFB6D00D1D9D3 /* Info.plist */ = {isa = PBXFileReference; lastKnownFileType = text.plist.xml; path = Info.plist; sourceTree = "<group>"; };
		212BE8891E8AFB6D00D1D9D3 /* PizzaFactoryUITests.xctest */ = {isa = PBXFileReference; explicitFileType = wrapper.cfbundle; includeInIndex = 0; path = PizzaFactoryUITests.xctest; sourceTree = BUILT_PRODUCTS_DIR; };
		212BE88D1E8AFB6E00D1D9D3 /* PizzaFactoryUITests.swift */ = {isa = PBXFileReference; lastKnownFileType = sourcecode.swift; path = PizzaFactoryUITests.swift; sourceTree = "<group>"; };
		212BE88F1E8AFB6E00D1D9D3 /* Info.plist */ = {isa = PBXFileReference; lastKnownFileType = text.plist.xml; path = Info.plist; sourceTree = "<group>"; };
		212BE89D1E8AFD4100D1D9D3 /* HomeViewController.swift */ = {isa = PBXFileReference; fileEncoding = 4; lastKnownFileType = sourcecode.swift; name = HomeViewController.swift; path = ViewControllers/HomeViewController.swift; sourceTree = "<group>"; };
		21AE917D1E8E837E00397ED8 /* CustomPizzaDetailsViewController.swift */ = {isa = PBXFileReference; fileEncoding = 4; lastKnownFileType = sourcecode.swift; name = CustomPizzaDetailsViewController.swift; path = ViewControllers/CustomPizzaDetailsViewController.swift; sourceTree = "<group>"; };
		21E9E0DA1E8BC9970075E775 /* PizzaListViewController.swift */ = {isa = PBXFileReference; fileEncoding = 4; lastKnownFileType = sourcecode.swift; name = PizzaListViewController.swift; path = ViewControllers/PizzaListViewController.swift; sourceTree = "<group>"; };
		21F772C11E90563100C63A97 /* loadingScreenExtension.swift */ = {isa = PBXFileReference; fileEncoding = 4; lastKnownFileType = sourcecode.swift; name = loadingScreenExtension.swift; path = ViewControllers/Extensions/loadingScreenExtension.swift; sourceTree = "<group>"; };
		21F772C31E90575D00C63A97 /* Pizza.swift */ = {isa = PBXFileReference; fileEncoding = 4; lastKnownFileType = sourcecode.swift; name = Pizza.swift; path = Models/Pizza.swift; sourceTree = "<group>"; };
		21F772C51E9057F500C63A97 /* PizzaDictionary.swift */ = {isa = PBXFileReference; fileEncoding = 4; lastKnownFileType = sourcecode.swift; name = PizzaDictionary.swift; path = Models/DictionaryExtensions/PizzaDictionary.swift; sourceTree = "<group>"; };
		21F772CA1E90600B00C63A97 /* PizzaTableViewCell.swift */ = {isa = PBXFileReference; fileEncoding = 4; lastKnownFileType = sourcecode.swift; name = PizzaTableViewCell.swift; path = Views/PizzaTableViewCell.swift; sourceTree = "<group>"; };
		21F772CB1E90600B00C63A97 /* PizzaTableViewCell.xib */ = {isa = PBXFileReference; fileEncoding = 4; lastKnownFileType = file.xib; name = PizzaTableViewCell.xib; path = Views/PizzaTableViewCell.xib; sourceTree = "<group>"; };
		5D162FA916123E875CD7C288 /* Pods-PizzaFactoryTests.debug.xcconfig */ = {isa = PBXFileReference; includeInIndex = 1; lastKnownFileType = text.xcconfig; name = "Pods-PizzaFactoryTests.debug.xcconfig"; path = "Pods/Target Support Files/Pods-PizzaFactoryTests/Pods-PizzaFactoryTests.debug.xcconfig"; sourceTree = "<group>"; };
		9BBF9541DF37D276714FE070 /* Pods-PizzaFactoryTests.release.xcconfig */ = {isa = PBXFileReference; includeInIndex = 1; lastKnownFileType = text.xcconfig; name = "Pods-PizzaFactoryTests.release.xcconfig"; path = "Pods/Target Support Files/Pods-PizzaFactoryTests/Pods-PizzaFactoryTests.release.xcconfig"; sourceTree = "<group>"; };
		B6C5117B3FB12E28AE0C945E /* Pods_PizzaFactory.framework */ = {isa = PBXFileReference; explicitFileType = wrapper.framework; includeInIndex = 0; path = Pods_PizzaFactory.framework; sourceTree = BUILT_PRODUCTS_DIR; };
		D7C1A3B1871F7A1197504C48 /* Pods-PizzaFactory.debug.xcconfig */ = {isa = PBXFileReference; includeInIndex = 1; lastKnownFileType = text.xcconfig; name = "Pods-PizzaFactory.debug.xcconfig"; path = "Pods/Target Support Files/Pods-PizzaFactory/Pods-PizzaFactory.debug.xcconfig"; sourceTree = "<group>"; };
		DBC366E840D2BACF7A33F7EE /* Pods-PizzaFactory.release.xcconfig */ = {isa = PBXFileReference; includeInIndex = 1; lastKnownFileType = text.xcconfig; name = "Pods-PizzaFactory.release.xcconfig"; path = "Pods/Target Support Files/Pods-PizzaFactory/Pods-PizzaFactory.release.xcconfig"; sourceTree = "<group>"; };
		E71BA1977B4AF35ACBC62770 /* Pods-PizzaFactoryUITests.release.xcconfig */ = {isa = PBXFileReference; includeInIndex = 1; lastKnownFileType = text.xcconfig; name = "Pods-PizzaFactoryUITests.release.xcconfig"; path = "Pods/Target Support Files/Pods-PizzaFactoryUITests/Pods-PizzaFactoryUITests.release.xcconfig"; sourceTree = "<group>"; };
		F2333344E77E5C45A5E27098 /* Pods_PizzaFactoryUITests.framework */ = {isa = PBXFileReference; explicitFileType = wrapper.framework; includeInIndex = 0; path = Pods_PizzaFactoryUITests.framework; sourceTree = BUILT_PRODUCTS_DIR; };
/* End PBXFileReference section */

/* Begin PBXFrameworksBuildPhase section */
		212BE8641E8AFB6D00D1D9D3 /* Frameworks */ = {
			isa = PBXFrameworksBuildPhase;
			buildActionMask = 2147483647;
			files = (
				22E306EE0D71D88DE1123213 /* Pods_PizzaFactory.framework in Frameworks */,
			);
			runOnlyForDeploymentPostprocessing = 0;
		};
		212BE87B1E8AFB6D00D1D9D3 /* Frameworks */ = {
			isa = PBXFrameworksBuildPhase;
			buildActionMask = 2147483647;
			files = (
				2B3515C12197F23FF4ED427D /* Pods_PizzaFactoryTests.framework in Frameworks */,
			);
			runOnlyForDeploymentPostprocessing = 0;
		};
		212BE8861E8AFB6D00D1D9D3 /* Frameworks */ = {
			isa = PBXFrameworksBuildPhase;
			buildActionMask = 2147483647;
			files = (
				2BDB37C743A7B30B80BE8F59 /* Pods_PizzaFactoryUITests.framework in Frameworks */,
			);
			runOnlyForDeploymentPostprocessing = 0;
		};
/* End PBXFrameworksBuildPhase section */

/* Begin PBXGroup section */
		2119B6291E8D491500C86831 /* Data */ = {
			isa = PBXGroup;
			children = (
				2119B62A1E8D492B00C86831 /* Http */,
			);
			name = Data;
			sourceTree = "<group>";
		};
		2119B62A1E8D492B00C86831 /* Http */ = {
			isa = PBXGroup;
			children = (
				2119B62B1E8D497900C86831 /* HttpRequester.swift */,
				2119B62D1E8D49CF00C86831 /* HttpRequesterDelegate.swift */,
			);
			name = Http;
			sourceTree = "<group>";
		};
		2119B62F1E8D4D5E00C86831 /* Models */ = {
			isa = PBXGroup;
			children = (
				2119B6321E8D503800C86831 /* DictionaryExtensions */,
				2119B6301E8D4D9000C86831 /* CustomPizza.swift */,
				21F772C31E90575D00C63A97 /* Pizza.swift */,
			);
			name = Models;
			sourceTree = "<group>";
		};
		2119B6321E8D503800C86831 /* DictionaryExtensions */ = {
			isa = PBXGroup;
			children = (
				2119B6331E8D507900C86831 /* CustomPizzaDictionary.swift */,
				21F772C51E9057F500C63A97 /* PizzaDictionary.swift */,
			);
			name = DictionaryExtensions;
			sourceTree = "<group>";
		};
		212BE85E1E8AFB6D00D1D9D3 = {
			isa = PBXGroup;
			children = (
				212BE8691E8AFB6D00D1D9D3 /* PizzaFactory */,
				212BE8811E8AFB6D00D1D9D3 /* PizzaFactoryTests */,
				212BE88C1E8AFB6D00D1D9D3 /* PizzaFactoryUITests */,
				212BE8681E8AFB6D00D1D9D3 /* Products */,
				D2F5D74E6556FFFC08124979 /* Pods */,
				5D57AC53593D949C7EF5C02B /* Frameworks */,
			);
			sourceTree = "<group>";
		};
		212BE8681E8AFB6D00D1D9D3 /* Products */ = {
			isa = PBXGroup;
			children = (
				212BE8671E8AFB6D00D1D9D3 /* PizzaFactory.app */,
				212BE87E1E8AFB6D00D1D9D3 /* PizzaFactoryTests.xctest */,
				212BE8891E8AFB6D00D1D9D3 /* PizzaFactoryUITests.xctest */,
			);
			name = Products;
			sourceTree = "<group>";
		};
		212BE8691E8AFB6D00D1D9D3 /* PizzaFactory */ = {
			isa = PBXGroup;
			children = (
				21F772C71E905BE500C63A97 /* Views */,
				2119B62F1E8D4D5E00C86831 /* Models */,
				2119B6291E8D491500C86831 /* Data */,
				212BE89C1E8AFCD200D1D9D3 /* ViewControllers */,
				212BE86A1E8AFB6D00D1D9D3 /* AppDelegate.swift */,
				212BE86E1E8AFB6D00D1D9D3 /* Main.storyboard */,
				212BE8741E8AFB6D00D1D9D3 /* Assets.xcassets */,
				212BE8761E8AFB6D00D1D9D3 /* LaunchScreen.storyboard */,
				212BE8791E8AFB6D00D1D9D3 /* Info.plist */,
				212BE8711E8AFB6D00D1D9D3 /* PizzaFactory.xcdatamodeld */,
			);
			path = PizzaFactory;
			sourceTree = "<group>";
		};
		212BE8811E8AFB6D00D1D9D3 /* PizzaFactoryTests */ = {
			isa = PBXGroup;
			children = (
				212BE8821E8AFB6D00D1D9D3 /* PizzaFactoryTests.swift */,
				212BE8841E8AFB6D00D1D9D3 /* Info.plist */,
			);
			path = PizzaFactoryTests;
			sourceTree = "<group>";
		};
		212BE88C1E8AFB6D00D1D9D3 /* PizzaFactoryUITests */ = {
			isa = PBXGroup;
			children = (
				212BE88D1E8AFB6E00D1D9D3 /* PizzaFactoryUITests.swift */,
				212BE88F1E8AFB6E00D1D9D3 /* Info.plist */,
			);
			path = PizzaFactoryUITests;
			sourceTree = "<group>";
		};
		212BE89C1E8AFCD200D1D9D3 /* ViewControllers */ = {
			isa = PBXGroup;
			children = (
				21F772C01E9055B800C63A97 /* Extensions */,
				212BE89D1E8AFD4100D1D9D3 /* HomeViewController.swift */,
				21E9E0DA1E8BC9970075E775 /* PizzaListViewController.swift */,
				2119B6271E8D42FD00C86831 /* CustomPizzaListViewController.swift */,
				21AE917D1E8E837E00397ED8 /* CustomPizzaDetailsViewController.swift */,
			);
			name = ViewControllers;
			sourceTree = "<group>";
		};
		21F772C01E9055B800C63A97 /* Extensions */ = {
			isa = PBXGroup;
			children = (
				21F772C11E90563100C63A97 /* loadingScreenExtension.swift */,
			);
			name = Extensions;
			sourceTree = "<group>";
		};
		21F772C71E905BE500C63A97 /* Views */ = {
			isa = PBXGroup;
			children = (
				21F772CA1E90600B00C63A97 /* PizzaTableViewCell.swift */,
				21F772CB1E90600B00C63A97 /* PizzaTableViewCell.xib */,
			);
			name = Views;
			sourceTree = "<group>";
		};
		5D57AC53593D949C7EF5C02B /* Frameworks */ = {
			isa = PBXGroup;
			children = (
				B6C5117B3FB12E28AE0C945E /* Pods_PizzaFactory.framework */,
				204F17E830BB1D444D45624C /* Pods_PizzaFactoryTests.framework */,
				F2333344E77E5C45A5E27098 /* Pods_PizzaFactoryUITests.framework */,
			);
			name = Frameworks;
			sourceTree = "<group>";
		};
		D2F5D74E6556FFFC08124979 /* Pods */ = {
			isa = PBXGroup;
			children = (
				D7C1A3B1871F7A1197504C48 /* Pods-PizzaFactory.debug.xcconfig */,
				DBC366E840D2BACF7A33F7EE /* Pods-PizzaFactory.release.xcconfig */,
				5D162FA916123E875CD7C288 /* Pods-PizzaFactoryTests.debug.xcconfig */,
				9BBF9541DF37D276714FE070 /* Pods-PizzaFactoryTests.release.xcconfig */,
				00D7811C3106158904C6BE87 /* Pods-PizzaFactoryUITests.debug.xcconfig */,
				E71BA1977B4AF35ACBC62770 /* Pods-PizzaFactoryUITests.release.xcconfig */,
			);
			name = Pods;
			sourceTree = "<group>";
		};
/* End PBXGroup section */

/* Begin PBXNativeTarget section */
		212BE8661E8AFB6D00D1D9D3 /* PizzaFactory */ = {
			isa = PBXNativeTarget;
			buildConfigurationList = 212BE8921E8AFB6E00D1D9D3 /* Build configuration list for PBXNativeTarget "PizzaFactory" */;
			buildPhases = (
				CBA6A6190140607B7AE8C60F /* [CP] Check Pods Manifest.lock */,
				212BE8631E8AFB6D00D1D9D3 /* Sources */,
				212BE8641E8AFB6D00D1D9D3 /* Frameworks */,
				212BE8651E8AFB6D00D1D9D3 /* Resources */,
				11B7C903A612F9EA2A60686C /* [CP] Embed Pods Frameworks */,
				2D496542A53F2E3210118AF2 /* [CP] Copy Pods Resources */,
			);
			buildRules = (
			);
			dependencies = (
			);
			name = PizzaFactory;
			productName = PizzaFactory;
			productReference = 212BE8671E8AFB6D00D1D9D3 /* PizzaFactory.app */;
			productType = "com.apple.product-type.application";
		};
		212BE87D1E8AFB6D00D1D9D3 /* PizzaFactoryTests */ = {
			isa = PBXNativeTarget;
			buildConfigurationList = 212BE8951E8AFB6E00D1D9D3 /* Build configuration list for PBXNativeTarget "PizzaFactoryTests" */;
			buildPhases = (
				873D9EE2BF8E4D28DB9EBAB3 /* [CP] Check Pods Manifest.lock */,
				212BE87A1E8AFB6D00D1D9D3 /* Sources */,
				212BE87B1E8AFB6D00D1D9D3 /* Frameworks */,
				212BE87C1E8AFB6D00D1D9D3 /* Resources */,
				8C5A685DE1EBBFAEA25BD601 /* [CP] Embed Pods Frameworks */,
				EFFF45C7C86FC8FBB3BBEA30 /* [CP] Copy Pods Resources */,
			);
			buildRules = (
			);
			dependencies = (
				212BE8801E8AFB6D00D1D9D3 /* PBXTargetDependency */,
			);
			name = PizzaFactoryTests;
			productName = PizzaFactoryTests;
			productReference = 212BE87E1E8AFB6D00D1D9D3 /* PizzaFactoryTests.xctest */;
			productType = "com.apple.product-type.bundle.unit-test";
		};
		212BE8881E8AFB6D00D1D9D3 /* PizzaFactoryUITests */ = {
			isa = PBXNativeTarget;
			buildConfigurationList = 212BE8981E8AFB6E00D1D9D3 /* Build configuration list for PBXNativeTarget "PizzaFactoryUITests" */;
			buildPhases = (
				1609CA988DD4D1884E7EC0E5 /* [CP] Check Pods Manifest.lock */,
				212BE8851E8AFB6D00D1D9D3 /* Sources */,
				212BE8861E8AFB6D00D1D9D3 /* Frameworks */,
				212BE8871E8AFB6D00D1D9D3 /* Resources */,
				1517F8BB88957E2BBFD2BB41 /* [CP] Embed Pods Frameworks */,
				0A7ACE9FD2C5987C11026890 /* [CP] Copy Pods Resources */,
			);
			buildRules = (
			);
			dependencies = (
				212BE88B1E8AFB6D00D1D9D3 /* PBXTargetDependency */,
			);
			name = PizzaFactoryUITests;
			productName = PizzaFactoryUITests;
			productReference = 212BE8891E8AFB6D00D1D9D3 /* PizzaFactoryUITests.xctest */;
			productType = "com.apple.product-type.bundle.ui-testing";
		};
/* End PBXNativeTarget section */

/* Begin PBXProject section */
		212BE85F1E8AFB6D00D1D9D3 /* Project object */ = {
			isa = PBXProject;
			attributes = {
				LastSwiftUpdateCheck = 0820;
				LastUpgradeCheck = 0820;
				ORGANIZATIONNAME = pavelhristov;
				TargetAttributes = {
					212BE8661E8AFB6D00D1D9D3 = {
						CreatedOnToolsVersion = 8.2.1;
						ProvisioningStyle = Automatic;
					};
					212BE87D1E8AFB6D00D1D9D3 = {
						CreatedOnToolsVersion = 8.2.1;
						ProvisioningStyle = Automatic;
						TestTargetID = 212BE8661E8AFB6D00D1D9D3;
					};
					212BE8881E8AFB6D00D1D9D3 = {
						CreatedOnToolsVersion = 8.2.1;
						ProvisioningStyle = Automatic;
						TestTargetID = 212BE8661E8AFB6D00D1D9D3;
					};
				};
			};
			buildConfigurationList = 212BE8621E8AFB6D00D1D9D3 /* Build configuration list for PBXProject "PizzaFactory" */;
			compatibilityVersion = "Xcode 3.2";
			developmentRegion = English;
			hasScannedForEncodings = 0;
			knownRegions = (
				en,
				Base,
			);
			mainGroup = 212BE85E1E8AFB6D00D1D9D3;
			productRefGroup = 212BE8681E8AFB6D00D1D9D3 /* Products */;
			projectDirPath = "";
			projectRoot = "";
			targets = (
				212BE8661E8AFB6D00D1D9D3 /* PizzaFactory */,
				212BE87D1E8AFB6D00D1D9D3 /* PizzaFactoryTests */,
				212BE8881E8AFB6D00D1D9D3 /* PizzaFactoryUITests */,
			);
		};
/* End PBXProject section */

/* Begin PBXResourcesBuildPhase section */
		212BE8651E8AFB6D00D1D9D3 /* Resources */ = {
			isa = PBXResourcesBuildPhase;
			buildActionMask = 2147483647;
			files = (
				21F772CD1E90600B00C63A97 /* PizzaTableViewCell.xib in Resources */,
				212BE8781E8AFB6D00D1D9D3 /* LaunchScreen.storyboard in Resources */,
				212BE8751E8AFB6D00D1D9D3 /* Assets.xcassets in Resources */,
				212BE8701E8AFB6D00D1D9D3 /* Main.storyboard in Resources */,
			);
			runOnlyForDeploymentPostprocessing = 0;
		};
		212BE87C1E8AFB6D00D1D9D3 /* Resources */ = {
			isa = PBXResourcesBuildPhase;
			buildActionMask = 2147483647;
			files = (
			);
			runOnlyForDeploymentPostprocessing = 0;
		};
		212BE8871E8AFB6D00D1D9D3 /* Resources */ = {
			isa = PBXResourcesBuildPhase;
			buildActionMask = 2147483647;
			files = (
			);
			runOnlyForDeploymentPostprocessing = 0;
		};
/* End PBXResourcesBuildPhase section */

/* Begin PBXShellScriptBuildPhase section */
		0A7ACE9FD2C5987C11026890 /* [CP] Copy Pods Resources */ = {
			isa = PBXShellScriptBuildPhase;
			buildActionMask = 2147483647;
			files = (
			);
			inputPaths = (
			);
			name = "[CP] Copy Pods Resources";
			outputPaths = (
			);
			runOnlyForDeploymentPostprocessing = 0;
			shellPath = /bin/sh;
			shellScript = "\"${SRCROOT}/Pods/Target Support Files/Pods-PizzaFactoryUITests/Pods-PizzaFactoryUITests-resources.sh\"\n";
			showEnvVarsInLog = 0;
		};
		11B7C903A612F9EA2A60686C /* [CP] Embed Pods Frameworks */ = {
			isa = PBXShellScriptBuildPhase;
			buildActionMask = 2147483647;
			files = (
			);
			inputPaths = (
			);
			name = "[CP] Embed Pods Frameworks";
			outputPaths = (
			);
			runOnlyForDeploymentPostprocessing = 0;
			shellPath = /bin/sh;
			shellScript = "\"${SRCROOT}/Pods/Target Support Files/Pods-PizzaFactory/Pods-PizzaFactory-frameworks.sh\"\n";
			showEnvVarsInLog = 0;
		};
		1517F8BB88957E2BBFD2BB41 /* [CP] Embed Pods Frameworks */ = {
			isa = PBXShellScriptBuildPhase;
			buildActionMask = 2147483647;
			files = (
			);
			inputPaths = (
			);
			name = "[CP] Embed Pods Frameworks";
			outputPaths = (
			);
			runOnlyForDeploymentPostprocessing = 0;
			shellPath = /bin/sh;
			shellScript = "\"${SRCROOT}/Pods/Target Support Files/Pods-PizzaFactoryUITests/Pods-PizzaFactoryUITests-frameworks.sh\"\n";
			showEnvVarsInLog = 0;
		};
		1609CA988DD4D1884E7EC0E5 /* [CP] Check Pods Manifest.lock */ = {
			isa = PBXShellScriptBuildPhase;
			buildActionMask = 2147483647;
			files = (
			);
			inputPaths = (
			);
			name = "[CP] Check Pods Manifest.lock";
			outputPaths = (
			);
			runOnlyForDeploymentPostprocessing = 0;
			shellPath = /bin/sh;
			shellScript = "diff \"${PODS_ROOT}/../Podfile.lock\" \"${PODS_ROOT}/Manifest.lock\" > /dev/null\nif [ $? != 0 ] ; then\n    # print error to STDERR\n    echo \"error: The sandbox is not in sync with the Podfile.lock. Run 'pod install' or update your CocoaPods installation.\" >&2\n    exit 1\nfi\n";
			showEnvVarsInLog = 0;
		};
		2D496542A53F2E3210118AF2 /* [CP] Copy Pods Resources */ = {
			isa = PBXShellScriptBuildPhase;
			buildActionMask = 2147483647;
			files = (
			);
			inputPaths = (
			);
			name = "[CP] Copy Pods Resources";
			outputPaths = (
			);
			runOnlyForDeploymentPostprocessing = 0;
			shellPath = /bin/sh;
			shellScript = "\"${SRCROOT}/Pods/Target Support Files/Pods-PizzaFactory/Pods-PizzaFactory-resources.sh\"\n";
			showEnvVarsInLog = 0;
		};
		873D9EE2BF8E4D28DB9EBAB3 /* [CP] Check Pods Manifest.lock */ = {
			isa = PBXShellScriptBuildPhase;
			buildActionMask = 2147483647;
			files = (
			);
			inputPaths = (
			);
			name = "[CP] Check Pods Manifest.lock";
			outputPaths = (
			);
			runOnlyForDeploymentPostprocessing = 0;
			shellPath = /bin/sh;
			shellScript = "diff \"${PODS_ROOT}/../Podfile.lock\" \"${PODS_ROOT}/Manifest.lock\" > /dev/null\nif [ $? != 0 ] ; then\n    # print error to STDERR\n    echo \"error: The sandbox is not in sync with the Podfile.lock. Run 'pod install' or update your CocoaPods installation.\" >&2\n    exit 1\nfi\n";
			showEnvVarsInLog = 0;
		};
		8C5A685DE1EBBFAEA25BD601 /* [CP] Embed Pods Frameworks */ = {
			isa = PBXShellScriptBuildPhase;
			buildActionMask = 2147483647;
			files = (
			);
			inputPaths = (
			);
			name = "[CP] Embed Pods Frameworks";
			outputPaths = (
			);
			runOnlyForDeploymentPostprocessing = 0;
			shellPath = /bin/sh;
			shellScript = "\"${SRCROOT}/Pods/Target Support Files/Pods-PizzaFactoryTests/Pods-PizzaFactoryTests-frameworks.sh\"\n";
			showEnvVarsInLog = 0;
		};
		CBA6A6190140607B7AE8C60F /* [CP] Check Pods Manifest.lock */ = {
			isa = PBXShellScriptBuildPhase;
			buildActionMask = 2147483647;
			files = (
			);
			inputPaths = (
			);
			name = "[CP] Check Pods Manifest.lock";
			outputPaths = (
			);
			runOnlyForDeploymentPostprocessing = 0;
			shellPath = /bin/sh;
			shellScript = "diff \"${PODS_ROOT}/../Podfile.lock\" \"${PODS_ROOT}/Manifest.lock\" > /dev/null\nif [ $? != 0 ] ; then\n    # print error to STDERR\n    echo \"error: The sandbox is not in sync with the Podfile.lock. Run 'pod install' or update your CocoaPods installation.\" >&2\n    exit 1\nfi\n";
			showEnvVarsInLog = 0;
		};
		EFFF45C7C86FC8FBB3BBEA30 /* [CP] Copy Pods Resources */ = {
			isa = PBXShellScriptBuildPhase;
			buildActionMask = 2147483647;
			files = (
			);
			inputPaths = (
			);
			name = "[CP] Copy Pods Resources";
			outputPaths = (
			);
			runOnlyForDeploymentPostprocessing = 0;
			shellPath = /bin/sh;
			shellScript = "\"${SRCROOT}/Pods/Target Support Files/Pods-PizzaFactoryTests/Pods-PizzaFactoryTests-resources.sh\"\n";
			showEnvVarsInLog = 0;
		};
/* End PBXShellScriptBuildPhase section */

/* Begin PBXSourcesBuildPhase section */
		212BE8631E8AFB6D00D1D9D3 /* Sources */ = {
			isa = PBXSourcesBuildPhase;
			buildActionMask = 2147483647;
			files = (
				212BE86B1E8AFB6D00D1D9D3 /* AppDelegate.swift in Sources */,
				21F772C21E90563100C63A97 /* loadingScreenExtension.swift in Sources */,
				21E9E0DB1E8BC9970075E775 /* PizzaListViewController.swift in Sources */,
				21F772C61E9057F500C63A97 /* PizzaDictionary.swift in Sources */,
				212BE8731E8AFB6D00D1D9D3 /* PizzaFactory.xcdatamodeld in Sources */,
				2119B62E1E8D49CF00C86831 /* HttpRequesterDelegate.swift in Sources */,
				21F772CC1E90600B00C63A97 /* PizzaTableViewCell.swift in Sources */,
				212BE89E1E8AFD4100D1D9D3 /* HomeViewController.swift in Sources */,
				21AE917E1E8E837E00397ED8 /* CustomPizzaDetailsViewController.swift in Sources */,
				2119B6311E8D4D9000C86831 /* CustomPizza.swift in Sources */,
				21F772C41E90575D00C63A97 /* Pizza.swift in Sources */,
				2119B62C1E8D497900C86831 /* HttpRequester.swift in Sources */,
				2119B6341E8D507900C86831 /* CustomPizzaDictionary.swift in Sources */,
				2119B6281E8D42FD00C86831 /* CustomPizzaListViewController.swift in Sources */,
			);
			runOnlyForDeploymentPostprocessing = 0;
		};
		212BE87A1E8AFB6D00D1D9D3 /* Sources */ = {
			isa = PBXSourcesBuildPhase;
			buildActionMask = 2147483647;
			files = (
				212BE8831E8AFB6D00D1D9D3 /* PizzaFactoryTests.swift in Sources */,
			);
			runOnlyForDeploymentPostprocessing = 0;
		};
		212BE8851E8AFB6D00D1D9D3 /* Sources */ = {
			isa = PBXSourcesBuildPhase;
			buildActionMask = 2147483647;
			files = (
				212BE88E1E8AFB6E00D1D9D3 /* PizzaFactoryUITests.swift in Sources */,
			);
			runOnlyForDeploymentPostprocessing = 0;
		};
/* End PBXSourcesBuildPhase section */

/* Begin PBXTargetDependency section */
		212BE8801E8AFB6D00D1D9D3 /* PBXTargetDependency */ = {
			isa = PBXTargetDependency;
			target = 212BE8661E8AFB6D00D1D9D3 /* PizzaFactory */;
			targetProxy = 212BE87F1E8AFB6D00D1D9D3 /* PBXContainerItemProxy */;
		};
		212BE88B1E8AFB6D00D1D9D3 /* PBXTargetDependency */ = {
			isa = PBXTargetDependency;
			target = 212BE8661E8AFB6D00D1D9D3 /* PizzaFactory */;
			targetProxy = 212BE88A1E8AFB6D00D1D9D3 /* PBXContainerItemProxy */;
		};
/* End PBXTargetDependency section */

/* Begin PBXVariantGroup section */
		212BE86E1E8AFB6D00D1D9D3 /* Main.storyboard */ = {
			isa = PBXVariantGroup;
			children = (
				212BE86F1E8AFB6D00D1D9D3 /* Base */,
			);
			name = Main.storyboard;
			sourceTree = "<group>";
		};
		212BE8761E8AFB6D00D1D9D3 /* LaunchScreen.storyboard */ = {
			isa = PBXVariantGroup;
			children = (
				212BE8771E8AFB6D00D1D9D3 /* Base */,
			);
			name = LaunchScreen.storyboard;
			sourceTree = "<group>";
		};
/* End PBXVariantGroup section */

/* Begin XCBuildConfiguration section */
		212BE8901E8AFB6E00D1D9D3 /* Debug */ = {
			isa = XCBuildConfiguration;
			buildSettings = {
				ALWAYS_SEARCH_USER_PATHS = NO;
				CLANG_ANALYZER_NONNULL = YES;
				CLANG_CXX_LANGUAGE_STANDARD = "gnu++0x";
				CLANG_CXX_LIBRARY = "libc++";
				CLANG_ENABLE_MODULES = YES;
				CLANG_ENABLE_OBJC_ARC = YES;
				CLANG_WARN_BOOL_CONVERSION = YES;
				CLANG_WARN_CONSTANT_CONVERSION = YES;
				CLANG_WARN_DIRECT_OBJC_ISA_USAGE = YES_ERROR;
				CLANG_WARN_DOCUMENTATION_COMMENTS = YES;
				CLANG_WARN_EMPTY_BODY = YES;
				CLANG_WARN_ENUM_CONVERSION = YES;
				CLANG_WARN_INFINITE_RECURSION = YES;
				CLANG_WARN_INT_CONVERSION = YES;
				CLANG_WARN_OBJC_ROOT_CLASS = YES_ERROR;
				CLANG_WARN_SUSPICIOUS_MOVE = YES;
				CLANG_WARN_UNREACHABLE_CODE = YES;
				CLANG_WARN__DUPLICATE_METHOD_MATCH = YES;
				"CODE_SIGN_IDENTITY[sdk=iphoneos*]" = "iPhone Developer";
				COPY_PHASE_STRIP = NO;
				DEBUG_INFORMATION_FORMAT = dwarf;
				ENABLE_STRICT_OBJC_MSGSEND = YES;
				ENABLE_TESTABILITY = YES;
				GCC_C_LANGUAGE_STANDARD = gnu99;
				GCC_DYNAMIC_NO_PIC = NO;
				GCC_NO_COMMON_BLOCKS = YES;
				GCC_OPTIMIZATION_LEVEL = 0;
				GCC_PREPROCESSOR_DEFINITIONS = (
					"DEBUG=1",
					"$(inherited)",
				);
				GCC_WARN_64_TO_32_BIT_CONVERSION = YES;
				GCC_WARN_ABOUT_RETURN_TYPE = YES_ERROR;
				GCC_WARN_UNDECLARED_SELECTOR = YES;
				GCC_WARN_UNINITIALIZED_AUTOS = YES_AGGRESSIVE;
				GCC_WARN_UNUSED_FUNCTION = YES;
				GCC_WARN_UNUSED_VARIABLE = YES;
				IPHONEOS_DEPLOYMENT_TARGET = 10.2;
				MTL_ENABLE_DEBUG_INFO = YES;
				ONLY_ACTIVE_ARCH = YES;
				SDKROOT = iphoneos;
				SWIFT_ACTIVE_COMPILATION_CONDITIONS = DEBUG;
				SWIFT_OPTIMIZATION_LEVEL = "-Onone";
				TARGETED_DEVICE_FAMILY = "1,2";
			};
			name = Debug;
		};
		212BE8911E8AFB6E00D1D9D3 /* Release */ = {
			isa = XCBuildConfiguration;
			buildSettings = {
				ALWAYS_SEARCH_USER_PATHS = NO;
				CLANG_ANALYZER_NONNULL = YES;
				CLANG_CXX_LANGUAGE_STANDARD = "gnu++0x";
				CLANG_CXX_LIBRARY = "libc++";
				CLANG_ENABLE_MODULES = YES;
				CLANG_ENABLE_OBJC_ARC = YES;
				CLANG_WARN_BOOL_CONVERSION = YES;
				CLANG_WARN_CONSTANT_CONVERSION = YES;
				CLANG_WARN_DIRECT_OBJC_ISA_USAGE = YES_ERROR;
				CLANG_WARN_DOCUMENTATION_COMMENTS = YES;
				CLANG_WARN_EMPTY_BODY = YES;
				CLANG_WARN_ENUM_CONVERSION = YES;
				CLANG_WARN_INFINITE_RECURSION = YES;
				CLANG_WARN_INT_CONVERSION = YES;
				CLANG_WARN_OBJC_ROOT_CLASS = YES_ERROR;
				CLANG_WARN_SUSPICIOUS_MOVE = YES;
				CLANG_WARN_UNREACHABLE_CODE = YES;
				CLANG_WARN__DUPLICATE_METHOD_MATCH = YES;
				"CODE_SIGN_IDENTITY[sdk=iphoneos*]" = "iPhone Developer";
				COPY_PHASE_STRIP = NO;
				DEBUG_INFORMATION_FORMAT = "dwarf-with-dsym";
				ENABLE_NS_ASSERTIONS = NO;
				ENABLE_STRICT_OBJC_MSGSEND = YES;
				GCC_C_LANGUAGE_STANDARD = gnu99;
				GCC_NO_COMMON_BLOCKS = YES;
				GCC_WARN_64_TO_32_BIT_CONVERSION = YES;
				GCC_WARN_ABOUT_RETURN_TYPE = YES_ERROR;
				GCC_WARN_UNDECLARED_SELECTOR = YES;
				GCC_WARN_UNINITIALIZED_AUTOS = YES_AGGRESSIVE;
				GCC_WARN_UNUSED_FUNCTION = YES;
				GCC_WARN_UNUSED_VARIABLE = YES;
				IPHONEOS_DEPLOYMENT_TARGET = 10.2;
				MTL_ENABLE_DEBUG_INFO = NO;
				SDKROOT = iphoneos;
				SWIFT_OPTIMIZATION_LEVEL = "-Owholemodule";
				TARGETED_DEVICE_FAMILY = "1,2";
				VALIDATE_PRODUCT = YES;
			};
			name = Release;
		};
		212BE8931E8AFB6E00D1D9D3 /* Debug */ = {
			isa = XCBuildConfiguration;
			baseConfigurationReference = D7C1A3B1871F7A1197504C48 /* Pods-PizzaFactory.debug.xcconfig */;
			buildSettings = {
				ASSETCATALOG_COMPILER_APPICON_NAME = AppIcon;
				INFOPLIST_FILE = PizzaFactory/Info.plist;
				LD_RUNPATH_SEARCH_PATHS = "$(inherited) @executable_path/Frameworks";
				PRODUCT_BUNDLE_IDENTIFIER = PH.PizzaFactory;
				PRODUCT_NAME = "$(TARGET_NAME)";
				SWIFT_VERSION = 3.0;
			};
			name = Debug;
		};
		212BE8941E8AFB6E00D1D9D3 /* Release */ = {
			isa = XCBuildConfiguration;
			baseConfigurationReference = DBC366E840D2BACF7A33F7EE /* Pods-PizzaFactory.release.xcconfig */;
			buildSettings = {
				ASSETCATALOG_COMPILER_APPICON_NAME = AppIcon;
				INFOPLIST_FILE = PizzaFactory/Info.plist;
				LD_RUNPATH_SEARCH_PATHS = "$(inherited) @executable_path/Frameworks";
				PRODUCT_BUNDLE_IDENTIFIER = PH.PizzaFactory;
				PRODUCT_NAME = "$(TARGET_NAME)";
				SWIFT_VERSION = 3.0;
			};
			name = Release;
		};
		212BE8961E8AFB6E00D1D9D3 /* Debug */ = {
			isa = XCBuildConfiguration;
			baseConfigurationReference = 5D162FA916123E875CD7C288 /* Pods-PizzaFactoryTests.debug.xcconfig */;
			buildSettings = {
				ALWAYS_EMBED_SWIFT_STANDARD_LIBRARIES = YES;
				BUNDLE_LOADER = "$(TEST_HOST)";
				INFOPLIST_FILE = PizzaFactoryTests/Info.plist;
				LD_RUNPATH_SEARCH_PATHS = "$(inherited) @executable_path/Frameworks @loader_path/Frameworks";
				PRODUCT_BUNDLE_IDENTIFIER = PH.PizzaFactoryTests;
				PRODUCT_NAME = "$(TARGET_NAME)";
				SWIFT_VERSION = 3.0;
				TEST_HOST = "$(BUILT_PRODUCTS_DIR)/PizzaFactory.app/PizzaFactory";
			};
			name = Debug;
		};
		212BE8971E8AFB6E00D1D9D3 /* Release */ = {
			isa = XCBuildConfiguration;
			baseConfigurationReference = 9BBF9541DF37D276714FE070 /* Pods-PizzaFactoryTests.release.xcconfig */;
			buildSettings = {
				ALWAYS_EMBED_SWIFT_STANDARD_LIBRARIES = YES;
				BUNDLE_LOADER = "$(TEST_HOST)";
				INFOPLIST_FILE = PizzaFactoryTests/Info.plist;
				LD_RUNPATH_SEARCH_PATHS = "$(inherited) @executable_path/Frameworks @loader_path/Frameworks";
				PRODUCT_BUNDLE_IDENTIFIER = PH.PizzaFactoryTests;
				PRODUCT_NAME = "$(TARGET_NAME)";
				SWIFT_VERSION = 3.0;
				TEST_HOST = "$(BUILT_PRODUCTS_DIR)/PizzaFactory.app/PizzaFactory";
			};
			name = Release;
		};
		212BE8991E8AFB6E00D1D9D3 /* Debug */ = {
			isa = XCBuildConfiguration;
			baseConfigurationReference = 00D7811C3106158904C6BE87 /* Pods-PizzaFactoryUITests.debug.xcconfig */;
			buildSettings = {
				ALWAYS_EMBED_SWIFT_STANDARD_LIBRARIES = YES;
				INFOPLIST_FILE = PizzaFactoryUITests/Info.plist;
				LD_RUNPATH_SEARCH_PATHS = "$(inherited) @executable_path/Frameworks @loader_path/Frameworks";
				PRODUCT_BUNDLE_IDENTIFIER = PH.PizzaFactoryUITests;
				PRODUCT_NAME = "$(TARGET_NAME)";
				SWIFT_VERSION = 3.0;
				TEST_TARGET_NAME = PizzaFactory;
			};
			name = Debug;
		};
		212BE89A1E8AFB6E00D1D9D3 /* Release */ = {
			isa = XCBuildConfiguration;
			baseConfigurationReference = E71BA1977B4AF35ACBC62770 /* Pods-PizzaFactoryUITests.release.xcconfig */;
			buildSettings = {
				ALWAYS_EMBED_SWIFT_STANDARD_LIBRARIES = YES;
				INFOPLIST_FILE = PizzaFactoryUITests/Info.plist;
				LD_RUNPATH_SEARCH_PATHS = "$(inherited) @executable_path/Frameworks @loader_path/Frameworks";
				PRODUCT_BUNDLE_IDENTIFIER = PH.PizzaFactoryUITests;
				PRODUCT_NAME = "$(TARGET_NAME)";
				SWIFT_VERSION = 3.0;
				TEST_TARGET_NAME = PizzaFactory;
			};
			name = Release;
		};
/* End XCBuildConfiguration section */

/* Begin XCConfigurationList section */
		212BE8621E8AFB6D00D1D9D3 /* Build configuration list for PBXProject "PizzaFactory" */ = {
			isa = XCConfigurationList;
			buildConfigurations = (
				212BE8901E8AFB6E00D1D9D3 /* Debug */,
				212BE8911E8AFB6E00D1D9D3 /* Release */,
			);
			defaultConfigurationIsVisible = 0;
			defaultConfigurationName = Release;
		};
		212BE8921E8AFB6E00D1D9D3 /* Build configuration list for PBXNativeTarget "PizzaFactory" */ = {
			isa = XCConfigurationList;
			buildConfigurations = (
				212BE8931E8AFB6E00D1D9D3 /* Debug */,
				212BE8941E8AFB6E00D1D9D3 /* Release */,
			);
			defaultConfigurationIsVisible = 0;
			defaultConfigurationName = Release;
		};
		212BE8951E8AFB6E00D1D9D3 /* Build configuration list for PBXNativeTarget "PizzaFactoryTests" */ = {
			isa = XCConfigurationList;
			buildConfigurations = (
				212BE8961E8AFB6E00D1D9D3 /* Debug */,
				212BE8971E8AFB6E00D1D9D3 /* Release */,
			);
			defaultConfigurationIsVisible = 0;
			defaultConfigurationName = Release;
		};
		212BE8981E8AFB6E00D1D9D3 /* Build configuration list for PBXNativeTarget "PizzaFactoryUITests" */ = {
			isa = XCConfigurationList;
			buildConfigurations = (
				212BE8991E8AFB6E00D1D9D3 /* Debug */,
				212BE89A1E8AFB6E00D1D9D3 /* Release */,
			);
			defaultConfigurationIsVisible = 0;
			defaultConfigurationName = Release;
		};
/* End XCConfigurationList section */

/* Begin XCVersionGroup section */
		212BE8711E8AFB6D00D1D9D3 /* PizzaFactory.xcdatamodeld */ = {
			isa = XCVersionGroup;
			children = (
				212BE8721E8AFB6D00D1D9D3 /* PizzaFactory.xcdatamodel */,
			);
			currentVersion = 212BE8721E8AFB6D00D1D9D3 /* PizzaFactory.xcdatamodel */;
			path = PizzaFactory.xcdatamodeld;
			sourceTree = "<group>";
			versionGroupType = wrapper.xcdatamodel;
		};
/* End XCVersionGroup section */
	};
	rootObject = 212BE85F1E8AFB6D00D1D9D3 /* Project object */;
}
